// !$*UTF8*$!
{
	archiveVersion = 1;
	classes = {
	};
	objectVersion = 46;
	objects = {

/* Begin PBXBuildFile section */
		F900BB841BECDCC1008B15F3 /* AppDelegate.swift in Sources */ = {isa = PBXBuildFile; fileRef = F900BB831BECDCC1008B15F3 /* AppDelegate.swift */; };
		F900BB861BECDCC1008B15F3 /* 🐱ViewController.swift in Sources */ = {isa = PBXBuildFile; fileRef = F900BB851BECDCC1008B15F3 /* 🐱ViewController.swift */; };
		F900BB891BECDCC1008B15F3 /* Main.storyboard in Resources */ = {isa = PBXBuildFile; fileRef = F900BB871BECDCC1008B15F3 /* Main.storyboard */; };
		F900BB8B1BECDCC1008B15F3 /* Assets.xcassets in Resources */ = {isa = PBXBuildFile; fileRef = F900BB8A1BECDCC1008B15F3 /* Assets.xcassets */; };
		F900BB8E1BECDCC1008B15F3 /* LaunchScreen.storyboard in Resources */ = {isa = PBXBuildFile; fileRef = F900BB8C1BECDCC1008B15F3 /* LaunchScreen.storyboard */; };
		F900BB991BECDCC2008B15F3 /* __Tests.swift in Sources */ = {isa = PBXBuildFile; fileRef = F900BB981BECDCC2008B15F3 /* __Tests.swift */; };
		F900BBA41BECDCC2008B15F3 /* __UITests.swift in Sources */ = {isa = PBXBuildFile; fileRef = F900BBA31BECDCC2008B15F3 /* __UITests.swift */; };
		F900BBB21BECE0AA008B15F3 /* 😺.swift in Sources */ = {isa = PBXBuildFile; fileRef = F900BBB11BECE0AA008B15F3 /* 😺.swift */; settings = {ASSET_TAGS = (); }; };
/* End PBXBuildFile section */

/* Begin PBXContainerItemProxy section */
		F900BB951BECDCC2008B15F3 /* PBXContainerItemProxy */ = {
			isa = PBXContainerItemProxy;
			containerPortal = F900BB781BECDCC1008B15F3 /* Project object */;
			proxyType = 1;
			remoteGlobalIDString = F900BB7F1BECDCC1008B15F3;
			remoteInfo = "🐱";
		};
		F900BBA01BECDCC2008B15F3 /* PBXContainerItemProxy */ = {
			isa = PBXContainerItemProxy;
			containerPortal = F900BB781BECDCC1008B15F3 /* Project object */;
			proxyType = 1;
			remoteGlobalIDString = F900BB7F1BECDCC1008B15F3;
			remoteInfo = "🐱";
		};
/* End PBXContainerItemProxy section */

/* Begin PBXFileReference section */
		F900BB801BECDCC1008B15F3 /* 🐱.app */ = {isa = PBXFileReference; explicitFileType = wrapper.application; includeInIndex = 0; path = "🐱.app"; sourceTree = BUILT_PRODUCTS_DIR; };
		F900BB831BECDCC1008B15F3 /* AppDelegate.swift */ = {isa = PBXFileReference; lastKnownFileType = sourcecode.swift; path = AppDelegate.swift; sourceTree = "<group>"; };
		F900BB851BECDCC1008B15F3 /* 🐱ViewController.swift */ = {isa = PBXFileReference; lastKnownFileType = sourcecode.swift; path = "🐱ViewController.swift"; sourceTree = "<group>"; };
		F900BB881BECDCC1008B15F3 /* Base */ = {isa = PBXFileReference; lastKnownFileType = file.storyboard; name = Base; path = Base.lproj/Main.storyboard; sourceTree = "<group>"; };
		F900BB8A1BECDCC1008B15F3 /* Assets.xcassets */ = {isa = PBXFileReference; lastKnownFileType = folder.assetcatalog; path = Assets.xcassets; sourceTree = "<group>"; };
		F900BB8D1BECDCC1008B15F3 /* Base */ = {isa = PBXFileReference; lastKnownFileType = file.storyboard; name = Base; path = Base.lproj/LaunchScreen.storyboard; sourceTree = "<group>"; };
		F900BB8F1BECDCC1008B15F3 /* Info.plist */ = {isa = PBXFileReference; lastKnownFileType = text.plist.xml; path = Info.plist; sourceTree = "<group>"; };
		F900BB941BECDCC2008B15F3 /* 🐱Tests.xctest */ = {isa = PBXFileReference; explicitFileType = wrapper.cfbundle; includeInIndex = 0; path = "🐱Tests.xctest"; sourceTree = BUILT_PRODUCTS_DIR; };
		F900BB981BECDCC2008B15F3 /* __Tests.swift */ = {isa = PBXFileReference; lastKnownFileType = sourcecode.swift; path = __Tests.swift; sourceTree = "<group>"; };
		F900BB9A1BECDCC2008B15F3 /* Info.plist */ = {isa = PBXFileReference; lastKnownFileType = text.plist.xml; path = Info.plist; sourceTree = "<group>"; };
		F900BB9F1BECDCC2008B15F3 /* 🐱UITests.xctest */ = {isa = PBXFileReference; explicitFileType = wrapper.cfbundle; includeInIndex = 0; path = "🐱UITests.xctest"; sourceTree = BUILT_PRODUCTS_DIR; };
		F900BBA31BECDCC2008B15F3 /* __UITests.swift */ = {isa = PBXFileReference; lastKnownFileType = sourcecode.swift; path = __UITests.swift; sourceTree = "<group>"; };
		F900BBA51BECDCC2008B15F3 /* Info.plist */ = {isa = PBXFileReference; lastKnownFileType = text.plist.xml; path = Info.plist; sourceTree = "<group>"; };
		F900BBB11BECE0AA008B15F3 /* 😺.swift */ = {isa = PBXFileReference; fileEncoding = 4; lastKnownFileType = sourcecode.swift; path = "😺.swift"; sourceTree = "<group>"; };
/* End PBXFileReference section */

/* Begin PBXFrameworksBuildPhase section */
		F900BB7D1BECDCC1008B15F3 /* Frameworks */ = {
			isa = PBXFrameworksBuildPhase;
			buildActionMask = 2147483647;
			files = (
			);
			runOnlyForDeploymentPostprocessing = 0;
		};
		F900BB911BECDCC2008B15F3 /* Frameworks */ = {
			isa = PBXFrameworksBuildPhase;
			buildActionMask = 2147483647;
			files = (
			);
			runOnlyForDeploymentPostprocessing = 0;
		};
		F900BB9C1BECDCC2008B15F3 /* Frameworks */ = {
			isa = PBXFrameworksBuildPhase;
			buildActionMask = 2147483647;
			files = (
			);
			runOnlyForDeploymentPostprocessing = 0;
		};
/* End PBXFrameworksBuildPhase section */

/* Begin PBXGroup section */
		F900BB771BECDCC1008B15F3 = {
			isa = PBXGroup;
			children = (
				F900BB821BECDCC1008B15F3 /* 🐱 */,
				F900BB971BECDCC2008B15F3 /* 🐱Tests */,
				F900BBA21BECDCC2008B15F3 /* 🐱UITests */,
				F900BB811BECDCC1008B15F3 /* Products */,
			);
			sourceTree = "<group>";
		};
		F900BB811BECDCC1008B15F3 /* Products */ = {
			isa = PBXGroup;
			children = (
				F900BB801BECDCC1008B15F3 /* 🐱.app */,
				F900BB941BECDCC2008B15F3 /* 🐱Tests.xctest */,
				F900BB9F1BECDCC2008B15F3 /* 🐱UITests.xctest */,
			);
			name = Products;
			sourceTree = "<group>";
		};
		F900BB821BECDCC1008B15F3 /* 🐱 */ = {
			isa = PBXGroup;
			children = (
				F900BB831BECDCC1008B15F3 /* AppDelegate.swift */,
				F900BB851BECDCC1008B15F3 /* 🐱ViewController.swift */,
				F900BB871BECDCC1008B15F3 /* Main.storyboard */,
				F900BB8A1BECDCC1008B15F3 /* Assets.xcassets */,
				F900BB8C1BECDCC1008B15F3 /* LaunchScreen.storyboard */,
				F900BB8F1BECDCC1008B15F3 /* Info.plist */,
				F900BBB11BECE0AA008B15F3 /* 😺.swift */,
			);
			path = "🐱";
			sourceTree = "<group>";
		};
		F900BB971BECDCC2008B15F3 /* 🐱Tests */ = {
			isa = PBXGroup;
			children = (
				F900BB981BECDCC2008B15F3 /* __Tests.swift */,
				F900BB9A1BECDCC2008B15F3 /* Info.plist */,
			);
			path = "🐱Tests";
			sourceTree = "<group>";
		};
		F900BBA21BECDCC2008B15F3 /* 🐱UITests */ = {
			isa = PBXGroup;
			children = (
				F900BBA31BECDCC2008B15F3 /* __UITests.swift */,
				F900BBA51BECDCC2008B15F3 /* Info.plist */,
			);
			path = "🐱UITests";
			sourceTree = "<group>";
		};
/* End PBXGroup section */

/* Begin PBXNativeTarget section */
		F900BB7F1BECDCC1008B15F3 /* 🐱 */ = {
			isa = PBXNativeTarget;
			buildConfigurationList = F900BBA81BECDCC2008B15F3 /* Build configuration list for PBXNativeTarget "🐱" */;
			buildPhases = (
				F900BB7C1BECDCC1008B15F3 /* Sources */,
				F900BB7D1BECDCC1008B15F3 /* Frameworks */,
				F900BB7E1BECDCC1008B15F3 /* Resources */,
			);
			buildRules = (
			);
			dependencies = (
			);
			name = "🐱";
			productName = "🐱";
			productReference = F900BB801BECDCC1008B15F3 /* 🐱.app */;
			productType = "com.apple.product-type.application";
		};
		F900BB931BECDCC2008B15F3 /* 🐱Tests */ = {
			isa = PBXNativeTarget;
			buildConfigurationList = F900BBAB1BECDCC2008B15F3 /* Build configuration list for PBXNativeTarget "🐱Tests" */;
			buildPhases = (
				F900BB901BECDCC2008B15F3 /* Sources */,
				F900BB911BECDCC2008B15F3 /* Frameworks */,
				F900BB921BECDCC2008B15F3 /* Resources */,
			);
			buildRules = (
			);
			dependencies = (
				F900BB961BECDCC2008B15F3 /* PBXTargetDependency */,
			);
			name = "🐱Tests";
			productName = "🐱Tests";
			productReference = F900BB941BECDCC2008B15F3 /* 🐱Tests.xctest */;
			productType = "com.apple.product-type.bundle.unit-test";
		};
		F900BB9E1BECDCC2008B15F3 /* 🐱UITests */ = {
			isa = PBXNativeTarget;
			buildConfigurationList = F900BBAE1BECDCC2008B15F3 /* Build configuration list for PBXNativeTarget "🐱UITests" */;
			buildPhases = (
				F900BB9B1BECDCC2008B15F3 /* Sources */,
				F900BB9C1BECDCC2008B15F3 /* Frameworks */,
				F900BB9D1BECDCC2008B15F3 /* Resources */,
			);
			buildRules = (
			);
			dependencies = (
				F900BBA11BECDCC2008B15F3 /* PBXTargetDependency */,
			);
			name = "🐱UITests";
			productName = "🐱UITests";
			productReference = F900BB9F1BECDCC2008B15F3 /* 🐱UITests.xctest */;
			productType = "com.apple.product-type.bundle.ui-testing";
		};
/* End PBXNativeTarget section */

/* Begin PBXProject section */
		F900BB781BECDCC1008B15F3 /* Project object */ = {
			isa = PBXProject;
			attributes = {
				LastUpgradeCheck = 0700;
				ORGANIZATIONNAME = "Julien de Nadai";
				TargetAttributes = {
					F900BB7F1BECDCC1008B15F3 = {
						CreatedOnToolsVersion = 7.0.1;
					};
					F900BB931BECDCC2008B15F3 = {
						CreatedOnToolsVersion = 7.0.1;
						TestTargetID = F900BB7F1BECDCC1008B15F3;
					};
					F900BB9E1BECDCC2008B15F3 = {
						CreatedOnToolsVersion = 7.0.1;
						TestTargetID = F900BB7F1BECDCC1008B15F3;
					};
				};
			};
			buildConfigurationList = F900BB7B1BECDCC1008B15F3 /* Build configuration list for PBXProject "🐱" */;
			compatibilityVersion = "Xcode 3.2";
			developmentRegion = English;
			hasScannedForEncodings = 0;
			knownRegions = (
				en,
				Base,
			);
			mainGroup = F900BB771BECDCC1008B15F3;
			productRefGroup = F900BB811BECDCC1008B15F3 /* Products */;
			projectDirPath = "";
			projectRoot = "";
			targets = (
				F900BB7F1BECDCC1008B15F3 /* 🐱 */,
				F900BB931BECDCC2008B15F3 /* 🐱Tests */,
				F900BB9E1BECDCC2008B15F3 /* 🐱UITests */,
			);
		};
/* End PBXProject section */

/* Begin PBXResourcesBuildPhase section */
		F900BB7E1BECDCC1008B15F3 /* Resources */ = {
			isa = PBXResourcesBuildPhase;
			buildActionMask = 2147483647;
			files = (
				F900BB8E1BECDCC1008B15F3 /* LaunchScreen.storyboard in Resources */,
				F900BB8B1BECDCC1008B15F3 /* Assets.xcassets in Resources */,
				F900BB891BECDCC1008B15F3 /* Main.storyboard in Resources */,
			);
			runOnlyForDeploymentPostprocessing = 0;
		};
		F900BB921BECDCC2008B15F3 /* Resources */ = {
			isa = PBXResourcesBuildPhase;
			buildActionMask = 2147483647;
			files = (
			);
			runOnlyForDeploymentPostprocessing = 0;
		};
		F900BB9D1BECDCC2008B15F3 /* Resources */ = {
			isa = PBXResourcesBuildPhase;
			buildActionMask = 2147483647;
			files = (
			);
			runOnlyForDeploymentPostprocessing = 0;
		};
/* End PBXResourcesBuildPhase section */

/* Begin PBXSourcesBuildPhase section */
		F900BB7C1BECDCC1008B15F3 /* Sources */ = {
			isa = PBXSourcesBuildPhase;
			buildActionMask = 2147483647;
			files = (
				F900BB861BECDCC1008B15F3 /* 🐱ViewController.swift in Sources */,
				F900BB841BECDCC1008B15F3 /* AppDelegate.swift in Sources */,
				F900BBB21BECE0AA008B15F3 /* 😺.swift in Sources */,
			);
			runOnlyForDeploymentPostprocessing = 0;
		};
		F900BB901BECDCC2008B15F3 /* Sources */ = {
			isa = PBXSourcesBuildPhase;
			buildActionMask = 2147483647;
			files = (
				F900BB991BECDCC2008B15F3 /* __Tests.swift in Sources */,
			);
			runOnlyForDeploymentPostprocessing = 0;
		};
		F900BB9B1BECDCC2008B15F3 /* Sources */ = {
			isa = PBXSourcesBuildPhase;
			buildActionMask = 2147483647;
			files = (
				F900BBA41BECDCC2008B15F3 /* __UITests.swift in Sources */,
			);
			runOnlyForDeploymentPostprocessing = 0;
		};
/* End PBXSourcesBuildPhase section */

/* Begin PBXTargetDependency section */
		F900BB961BECDCC2008B15F3 /* PBXTargetDependency */ = {
			isa = PBXTargetDependency;
			target = F900BB7F1BECDCC1008B15F3 /* 🐱 */;
			targetProxy = F900BB951BECDCC2008B15F3 /* PBXContainerItemProxy */;
		};
		F900BBA11BECDCC2008B15F3 /* PBXTargetDependency */ = {
			isa = PBXTargetDependency;
			target = F900BB7F1BECDCC1008B15F3 /* 🐱 */;
			targetProxy = F900BBA01BECDCC2008B15F3 /* PBXContainerItemProxy */;
		};
/* End PBXTargetDependency section */

/* Begin PBXVariantGroup section */
		F900BB871BECDCC1008B15F3 /* Main.storyboard */ = {
			isa = PBXVariantGroup;
			children = (
				F900BB881BECDCC1008B15F3 /* Base */,
			);
			name = Main.storyboard;
			sourceTree = "<group>";
		};
		F900BB8C1BECDCC1008B15F3 /* LaunchScreen.storyboard */ = {
			isa = PBXVariantGroup;
			children = (
				F900BB8D1BECDCC1008B15F3 /* Base */,
			);
			name = LaunchScreen.storyboard;
			sourceTree = "<group>";
		};
/* End PBXVariantGroup section */

/* Begin XCBuildConfiguration section */
		F900BBA61BECDCC2008B15F3 /* Debug */ = {
			isa = XCBuildConfiguration;
			buildSettings = {
				ALWAYS_SEARCH_USER_PATHS = NO;
				CLANG_CXX_LANGUAGE_STANDARD = "gnu++0x";
				CLANG_CXX_LIBRARY = "libc++";
				CLANG_ENABLE_MODULES = YES;
				CLANG_ENABLE_OBJC_ARC = YES;
				CLANG_WARN_BOOL_CONVERSION = YES;
				CLANG_WARN_CONSTANT_CONVERSION = YES;
				CLANG_WARN_DIRECT_OBJC_ISA_USAGE = YES_ERROR;
				CLANG_WARN_EMPTY_BODY = YES;
				CLANG_WARN_ENUM_CONVERSION = YES;
				CLANG_WARN_INT_CONVERSION = YES;
				CLANG_WARN_OBJC_ROOT_CLASS = YES_ERROR;
				CLANG_WARN_UNREACHABLE_CODE = YES;
				CLANG_WARN__DUPLICATE_METHOD_MATCH = YES;
				"CODE_SIGN_IDENTITY[sdk=iphoneos*]" = "iPhone Developer";
				COPY_PHASE_STRIP = NO;
				DEBUG_INFORMATION_FORMAT = dwarf;
				ENABLE_STRICT_OBJC_MSGSEND = YES;
				ENABLE_TESTABILITY = YES;
				GCC_C_LANGUAGE_STANDARD = gnu99;
				GCC_DYNAMIC_NO_PIC = NO;
				GCC_NO_COMMON_BLOCKS = YES;
				GCC_OPTIMIZATION_LEVEL = 0;
				GCC_PREPROCESSOR_DEFINITIONS = (
					"DEBUG=1",
					"$(inherited)",
				);
				GCC_WARN_64_TO_32_BIT_CONVERSION = YES;
				GCC_WARN_ABOUT_RETURN_TYPE = YES_ERROR;
				GCC_WARN_UNDECLARED_SELECTOR = YES;
				GCC_WARN_UNINITIALIZED_AUTOS = YES_AGGRESSIVE;
				GCC_WARN_UNUSED_FUNCTION = YES;
				GCC_WARN_UNUSED_VARIABLE = YES;
				IPHONEOS_DEPLOYMENT_TARGET = 9.0;
				MTL_ENABLE_DEBUG_INFO = YES;
				ONLY_ACTIVE_ARCH = YES;
				SDKROOT = iphoneos;
				SWIFT_OPTIMIZATION_LEVEL = "-Onone";
			};
			name = Debug;
		};
		F900BBA71BECDCC2008B15F3 /* Release */ = {
			isa = XCBuildConfiguration;
			buildSettings = {
				ALWAYS_SEARCH_USER_PATHS = NO;
				CLANG_CXX_LANGUAGE_STANDARD = "gnu++0x";
				CLANG_CXX_LIBRARY = "libc++";
				CLANG_ENABLE_MODULES = YES;
				CLANG_ENABLE_OBJC_ARC = YES;
				CLANG_WARN_BOOL_CONVERSION = YES;
				CLANG_WARN_CONSTANT_CONVERSION = YES;
				CLANG_WARN_DIRECT_OBJC_ISA_USAGE = YES_ERROR;
				CLANG_WARN_EMPTY_BODY = YES;
				CLANG_WARN_ENUM_CONVERSION = YES;
				CLANG_WARN_INT_CONVERSION = YES;
				CLANG_WARN_OBJC_ROOT_CLASS = YES_ERROR;
				CLANG_WARN_UNREACHABLE_CODE = YES;
				CLANG_WARN__DUPLICATE_METHOD_MATCH = YES;
				"CODE_SIGN_IDENTITY[sdk=iphoneos*]" = "iPhone Developer";
				COPY_PHASE_STRIP = NO;
				DEBUG_INFORMATION_FORMAT = "dwarf-with-dsym";
				ENABLE_NS_ASSERTIONS = NO;
				ENABLE_STRICT_OBJC_MSGSEND = YES;
				GCC_C_LANGUAGE_STANDARD = gnu99;
				GCC_NO_COMMON_BLOCKS = YES;
				GCC_WARN_64_TO_32_BIT_CONVERSION = YES;
				GCC_WARN_ABOUT_RETURN_TYPE = YES_ERROR;
				GCC_WARN_UNDECLARED_SELECTOR = YES;
				GCC_WARN_UNINITIALIZED_AUTOS = YES_AGGRESSIVE;
				GCC_WARN_UNUSED_FUNCTION = YES;
				GCC_WARN_UNUSED_VARIABLE = YES;
				IPHONEOS_DEPLOYMENT_TARGET = 9.0;
				MTL_ENABLE_DEBUG_INFO = NO;
				SDKROOT = iphoneos;
				VALIDATE_PRODUCT = YES;
			};
			name = Release;
		};
		F900BBA91BECDCC2008B15F3 /* Debug */ = {
			isa = XCBuildConfiguration;
			buildSettings = {
				ASSETCATALOG_COMPILER_APPICON_NAME = AppIcon;
				INFOPLIST_FILE = "🐱/Info.plist";
				LD_RUNPATH_SEARCH_PATHS = "$(inherited) @executable_path/Frameworks";
				PRODUCT_BUNDLE_IDENTIFIER = "fr.juliendenadai.--.--";
				PRODUCT_NAME = "$(TARGET_NAME)";
			};
			name = Debug;
		};
		F900BBAA1BECDCC2008B15F3 /* Release */ = {
			isa = XCBuildConfiguration;
			buildSettings = {
				ASSETCATALOG_COMPILER_APPICON_NAME = AppIcon;
				INFOPLIST_FILE = "🐱/Info.plist";
				LD_RUNPATH_SEARCH_PATHS = "$(inherited) @executable_path/Frameworks";
				PRODUCT_BUNDLE_IDENTIFIER = "fr.juliendenadai.--.--";
				PRODUCT_NAME = "$(TARGET_NAME)";
			};
			name = Release;
		};
		F900BBAC1BECDCC2008B15F3 /* Debug */ = {
			isa = XCBuildConfiguration;
			buildSettings = {
				BUNDLE_LOADER = "$(TEST_HOST)";
				INFOPLIST_FILE = "🐱Tests/Info.plist";
				LD_RUNPATH_SEARCH_PATHS = "$(inherited) @executable_path/Frameworks @loader_path/Frameworks";
				PRODUCT_BUNDLE_IDENTIFIER = "fr.juliendenadai.--.--Tests";
				PRODUCT_NAME = "$(TARGET_NAME)";
				TEST_HOST = "$(BUILT_PRODUCTS_DIR)/🐱.app/🐱";
			};
			name = Debug;
		};
		F900BBAD1BECDCC2008B15F3 /* Release */ = {
			isa = XCBuildConfiguration;
			buildSettings = {
				BUNDLE_LOADER = "$(TEST_HOST)";
				INFOPLIST_FILE = "🐱Tests/Info.plist";
				LD_RUNPATH_SEARCH_PATHS = "$(inherited) @executable_path/Frameworks @loader_path/Frameworks";
				PRODUCT_BUNDLE_IDENTIFIER = "fr.juliendenadai.--.--Tests";
				PRODUCT_NAME = "$(TARGET_NAME)";
				TEST_HOST = "$(BUILT_PRODUCTS_DIR)/🐱.app/🐱";
			};
			name = Release;
		};
		F900BBAF1BECDCC2008B15F3 /* Debug */ = {
			isa = XCBuildConfiguration;
			buildSettings = {
				INFOPLIST_FILE = "🐱UITests/Info.plist";
				LD_RUNPATH_SEARCH_PATHS = "$(inherited) @executable_path/Frameworks @loader_path/Frameworks";
				PRODUCT_BUNDLE_IDENTIFIER = "fr.juliendenadai.--.--UITests";
				PRODUCT_NAME = "$(TARGET_NAME)";
				TEST_TARGET_NAME = "🐱";
				USES_XCTRUNNER = YES;
			};
			name = Debug;
		};
		F900BBB01BECDCC2008B15F3 /* Release */ = {
			isa = XCBuildConfiguration;
			buildSettings = {
				INFOPLIST_FILE = "🐱UITests/Info.plist";
				LD_RUNPATH_SEARCH_PATHS = "$(inherited) @executable_path/Frameworks @loader_path/Frameworks";
				PRODUCT_BUNDLE_IDENTIFIER = "fr.juliendenadai.--.--UITests";
				PRODUCT_NAME = "$(TARGET_NAME)";
				TEST_TARGET_NAME = "🐱";
				USES_XCTRUNNER = YES;
			};
			name = Release;
		};
/* End XCBuildConfiguration section */

/* Begin XCConfigurationList section */
		F900BB7B1BECDCC1008B15F3 /* Build configuration list for PBXProject "🐱" */ = {
			isa = XCConfigurationList;
			buildConfigurations = (
				F900BBA61BECDCC2008B15F3 /* Debug */,
				F900BBA71BECDCC2008B15F3 /* Release */,
			);
			defaultConfigurationIsVisible = 0;
			defaultConfigurationName = Release;
		};
		F900BBA81BECDCC2008B15F3 /* Build configuration list for PBXNativeTarget "🐱" */ = {
			isa = XCConfigurationList;
			buildConfigurations = (
				F900BBA91BECDCC2008B15F3 /* Debug */,
				F900BBAA1BECDCC2008B15F3 /* Release */,
			);
			defaultConfigurationIsVisible = 0;
		};
		F900BBAB1BECDCC2008B15F3 /* Build configuration list for PBXNativeTarget "🐱Tests" */ = {
			isa = XCConfigurationList;
			buildConfigurations = (
				F900BBAC1BECDCC2008B15F3 /* Debug */,
				F900BBAD1BECDCC2008B15F3 /* Release */,
			);
			defaultConfigurationIsVisible = 0;
		};
		F900BBAE1BECDCC2008B15F3 /* Build configuration list for PBXNativeTarget "🐱UITests" */ = {
			isa = XCConfigurationList;
			buildConfigurations = (
				F900BBAF1BECDCC2008B15F3 /* Debug */,
				F900BBB01BECDCC2008B15F3 /* Release */,
			);
			defaultConfigurationIsVisible = 0;
		};
/* End XCConfigurationList section */
	};
	rootObject = F900BB781BECDCC1008B15F3 /* Project object */;
}
